
Microsoft Visual Studio Solution File, Format Version 12.00
# Visual Studio Version 17
VisualStudioVersion = 17.5.002.0
MinimumVisualStudioVersion = 10.0.40219.1
Project("{9A19103F-16F7-4668-BE54-9A1E7A4F7556}") = "PacktLibrary", "PacktLibrary\PacktLibrary.csproj", "{F75FF4CF-CC7F-4E3C-8856-9CD942260938}"
EndProject
Project("{9A19103F-16F7-4668-BE54-9A1E7A4F7556}") = "PeopleApp", "PeopleApp\PeopleApp.csproj", "{BC3C5AB6-1F1C-4082-B8B9-F7AB5872F4BA}"
EndProject
Global
	GlobalSection(SolutionConfigurationPlatforms) = preSolution
		Debug|Any CPU = Debug|Any CPU
		Release|Any CPU = Release|Any CPU
	EndGlobalSection
	GlobalSection(ProjectConfigurationPlatforms) = postSolution
		{F75FF4CF-CC7F-4E3C-8856-9CD942260938}.Debug|Any CPU.ActiveCfg = Debug|Any CPU
		{F75FF4CF-CC7F-4E3C-8856-9CD942260938}.Debug|Any CPU.Build.0 = Debug|Any CPU
		{F75FF4CF-CC7F-4E3C-8856-9CD942260938}.Release|Any CPU.ActiveCfg = Release|Any CPU
		{F75FF4CF-CC7F-4E3C-8856-9CD942260938}.Release|Any CPU.Build.0 = Release|Any CPU
		{BC3C5AB6-1F1C-4082-B8B9-F7AB5872F4BA}.Debug|Any CPU.ActiveCfg = Debug|Any CPU
		{BC3C5AB6-1F1C-4082-B8B9-F7AB5872F4BA}.Debug|Any CPU.Build.0 = Debug|Any CPU
		{BC3C5AB6-1F1C-4082-B8B9-F7AB5872F4BA}.Release|Any CPU.ActiveCfg = Release|Any CPU
		{BC3C5AB6-1F1C-4082-B8B9-F7AB5872F4BA}.Release|Any CPU.Build.0 = Release|Any CPU
	EndGlobalSection
	GlobalSection(SolutionProperties) = preSolution
		HideSolutionNode = FALSE
	EndGlobalSection
	GlobalSection(ExtensibilityGlobals) = postSolution
		SolutionGuid = {8CCA2599-24AF-40EE-BFF8-3488144CA835}
	EndGlobalSection
EndGlobal
